{
  "name": "verusid-oauth-starter",
  "version": "0.1.0",
  "lockfileVersion": 3,
  "requires": true,
  "packages": {
    "": {
      "name": "verusid-oauth-starter",
      "version": "0.1.0",
      "license": "MIT",
      "dependencies": {
        "@chainvue/verusid-oauth": "^0.1.1"
      },
      "engines": {
        "node": ">=20"
      }
    },
    "node_modules/@chainvue/verusid-oauth": {
      "version": "0.1.1",
      "resolved": "https://registry.npmjs.org/@chainvue/verusid-oauth/-/verusid-oauth-0.1.1.tgz",
      "integrity": "sha512-Fr0584s5JTfIkLes0i8R1M7aC8YAou1E32vs/Y+0IP5+MRAQD5S9QEn7wKa06EuzxL56kTKMKKHS78pW5iKuKw==",
      "license": "MIT",
      "engines": {
        "node": ">=20"
      }
    }
  }
}
